
Microsoft Visual Studio Solution File, Format Version 12.00
# Visual Studio Version 17
VisualStudioVersion = 17.12.35527.113
MinimumVisualStudioVersion = 10.0.40219.1
Project("{FAE04EC0-301F-11D3-BF4B-00C04F79EFBC}") = "MemoryIOSample", "MemoryIOSample\MemoryIOSample.csproj", "{32B19B0E-8524-4CB6-A0BA-603137C6DCE2}"
EndProject
Project("{2150E333-8FDC-42A3-9474-1A3956D46DE8}") = "wdm", "wdm", "{02EA681E-C7D8-13C7-8484-4AC65E1B71E8}"
EndProject
Project("{2150E333-8FDC-42A3-9474-1A3956D46DE8}") = "wdf", "wdf", "{ACB43B40-07A7-4948-BAD2-6D8EDC713C28}"
EndProject
Project("{8BC9CEB8-8B4A-11D0-8D11-00A0C91BC942}") = "KernelMemoryIO", "wdm\KernelMemoryIO\KernelMemoryIO.vcxproj", "{B0F19019-4DCF-4387-AAC7-8991467D1F16}"
EndProject
Project("{8BC9CEB8-8B4A-11D0-8D11-00A0C91BC942}") = "KernelMemoryIO", "wdf\KernelMemoryIO\KernelMemoryIO.vcxproj", "{8B2446F5-26B7-4E77-95F2-F49C6A55D858}"
EndProject
Global
	GlobalSection(SolutionConfigurationPlatforms) = preSolution
		Debug|ARM = Debug|ARM
		Debug|ARM64 = Debug|ARM64
		Debug|x64 = Debug|x64
		Debug|x86 = Debug|x86
		Release|ARM = Release|ARM
		Release|ARM64 = Release|ARM64
		Release|x64 = Release|x64
		Release|x86 = Release|x86
	EndGlobalSection
	GlobalSection(ProjectConfigurationPlatforms) = postSolution
		{32B19B0E-8524-4CB6-A0BA-603137C6DCE2}.Debug|ARM.ActiveCfg = Debug|Any CPU
		{32B19B0E-8524-4CB6-A0BA-603137C6DCE2}.Debug|ARM.Build.0 = Debug|Any CPU
		{32B19B0E-8524-4CB6-A0BA-603137C6DCE2}.Debug|ARM64.ActiveCfg = Debug|Any CPU
		{32B19B0E-8524-4CB6-A0BA-603137C6DCE2}.Debug|ARM64.Build.0 = Debug|Any CPU
		{32B19B0E-8524-4CB6-A0BA-603137C6DCE2}.Debug|x64.ActiveCfg = Debug|x64
		{32B19B0E-8524-4CB6-A0BA-603137C6DCE2}.Debug|x64.Build.0 = Debug|x64
		{32B19B0E-8524-4CB6-A0BA-603137C6DCE2}.Debug|x86.ActiveCfg = Debug|x86
		{32B19B0E-8524-4CB6-A0BA-603137C6DCE2}.Debug|x86.Build.0 = Debug|x86
		{32B19B0E-8524-4CB6-A0BA-603137C6DCE2}.Release|ARM.ActiveCfg = Release|Any CPU
		{32B19B0E-8524-4CB6-A0BA-603137C6DCE2}.Release|ARM.Build.0 = Release|Any CPU
		{32B19B0E-8524-4CB6-A0BA-603137C6DCE2}.Release|ARM64.ActiveCfg = Release|Any CPU
		{32B19B0E-8524-4CB6-A0BA-603137C6DCE2}.Release|ARM64.Build.0 = Release|Any CPU
		{32B19B0E-8524-4CB6-A0BA-603137C6DCE2}.Release|x64.ActiveCfg = Release|x64
		{32B19B0E-8524-4CB6-A0BA-603137C6DCE2}.Release|x64.Build.0 = Release|x64
		{32B19B0E-8524-4CB6-A0BA-603137C6DCE2}.Release|x86.ActiveCfg = Release|x86
		{32B19B0E-8524-4CB6-A0BA-603137C6DCE2}.Release|x86.Build.0 = Release|x86
		{B0F19019-4DCF-4387-AAC7-8991467D1F16}.Debug|ARM.ActiveCfg = Debug|ARM
		{B0F19019-4DCF-4387-AAC7-8991467D1F16}.Debug|ARM.Build.0 = Debug|ARM
		{B0F19019-4DCF-4387-AAC7-8991467D1F16}.Debug|ARM.Deploy.0 = Debug|ARM
		{B0F19019-4DCF-4387-AAC7-8991467D1F16}.Debug|ARM64.ActiveCfg = Debug|ARM64
		{B0F19019-4DCF-4387-AAC7-8991467D1F16}.Debug|ARM64.Build.0 = Debug|ARM64
		{B0F19019-4DCF-4387-AAC7-8991467D1F16}.Debug|ARM64.Deploy.0 = Debug|ARM64
		{B0F19019-4DCF-4387-AAC7-8991467D1F16}.Debug|x64.ActiveCfg = Debug|x64
		{B0F19019-4DCF-4387-AAC7-8991467D1F16}.Debug|x64.Build.0 = Debug|x64
		{B0F19019-4DCF-4387-AAC7-8991467D1F16}.Debug|x64.Deploy.0 = Debug|x64
		{B0F19019-4DCF-4387-AAC7-8991467D1F16}.Debug|x86.ActiveCfg = Debug|Win32
		{B0F19019-4DCF-4387-AAC7-8991467D1F16}.Debug|x86.Build.0 = Debug|Win32
		{B0F19019-4DCF-4387-AAC7-8991467D1F16}.Debug|x86.Deploy.0 = Debug|Win32
		{B0F19019-4DCF-4387-AAC7-8991467D1F16}.Release|ARM.ActiveCfg = Release|ARM
		{B0F19019-4DCF-4387-AAC7-8991467D1F16}.Release|ARM.Build.0 = Release|ARM
		{B0F19019-4DCF-4387-AAC7-8991467D1F16}.Release|ARM.Deploy.0 = Release|ARM
		{B0F19019-4DCF-4387-AAC7-8991467D1F16}.Release|ARM64.ActiveCfg = Release|ARM64
		{B0F19019-4DCF-4387-AAC7-8991467D1F16}.Release|ARM64.Build.0 = Release|ARM64
		{B0F19019-4DCF-4387-AAC7-8991467D1F16}.Release|ARM64.Deploy.0 = Release|ARM64
		{B0F19019-4DCF-4387-AAC7-8991467D1F16}.Release|x64.ActiveCfg = Release|x64
		{B0F19019-4DCF-4387-AAC7-8991467D1F16}.Release|x64.Build.0 = Release|x64
		{B0F19019-4DCF-4387-AAC7-8991467D1F16}.Release|x64.Deploy.0 = Release|x64
		{B0F19019-4DCF-4387-AAC7-8991467D1F16}.Release|x86.ActiveCfg = Release|Win32
		{B0F19019-4DCF-4387-AAC7-8991467D1F16}.Release|x86.Build.0 = Release|Win32
		{B0F19019-4DCF-4387-AAC7-8991467D1F16}.Release|x86.Deploy.0 = Release|Win32
		{8B2446F5-26B7-4E77-95F2-F49C6A55D858}.Debug|ARM.ActiveCfg = Debug|ARM
		{8B2446F5-26B7-4E77-95F2-F49C6A55D858}.Debug|ARM.Build.0 = Debug|ARM
		{8B2446F5-26B7-4E77-95F2-F49C6A55D858}.Debug|ARM.Deploy.0 = Debug|ARM
		{8B2446F5-26B7-4E77-95F2-F49C6A55D858}.Debug|ARM64.ActiveCfg = Debug|ARM64
		{8B2446F5-26B7-4E77-95F2-F49C6A55D858}.Debug|ARM64.Build.0 = Debug|ARM64
		{8B2446F5-26B7-4E77-95F2-F49C6A55D858}.Debug|ARM64.Deploy.0 = Debug|ARM64
		{8B2446F5-26B7-4E77-95F2-F49C6A55D858}.Debug|x64.ActiveCfg = Debug|x64
		{8B2446F5-26B7-4E77-95F2-F49C6A55D858}.Debug|x64.Build.0 = Debug|x64
		{8B2446F5-26B7-4E77-95F2-F49C6A55D858}.Debug|x64.Deploy.0 = Debug|x64
		{8B2446F5-26B7-4E77-95F2-F49C6A55D858}.Debug|x86.ActiveCfg = Debug|Win32
		{8B2446F5-26B7-4E77-95F2-F49C6A55D858}.Debug|x86.Build.0 = Debug|Win32
		{8B2446F5-26B7-4E77-95F2-F49C6A55D858}.Debug|x86.Deploy.0 = Debug|Win32
		{8B2446F5-26B7-4E77-95F2-F49C6A55D858}.Release|ARM.ActiveCfg = Release|ARM
		{8B2446F5-26B7-4E77-95F2-F49C6A55D858}.Release|ARM.Build.0 = Release|ARM
		{8B2446F5-26B7-4E77-95F2-F49C6A55D858}.Release|ARM.Deploy.0 = Release|ARM
		{8B2446F5-26B7-4E77-95F2-F49C6A55D858}.Release|ARM64.ActiveCfg = Release|ARM64
		{8B2446F5-26B7-4E77-95F2-F49C6A55D858}.Release|ARM64.Build.0 = Release|ARM64
		{8B2446F5-26B7-4E77-95F2-F49C6A55D858}.Release|ARM64.Deploy.0 = Release|ARM64
		{8B2446F5-26B7-4E77-95F2-F49C6A55D858}.Release|x64.ActiveCfg = Release|x64
		{8B2446F5-26B7-4E77-95F2-F49C6A55D858}.Release|x64.Build.0 = Release|x64
		{8B2446F5-26B7-4E77-95F2-F49C6A55D858}.Release|x64.Deploy.0 = Release|x64
		{8B2446F5-26B7-4E77-95F2-F49C6A55D858}.Release|x86.ActiveCfg = Release|Win32
		{8B2446F5-26B7-4E77-95F2-F49C6A55D858}.Release|x86.Build.0 = Release|Win32
		{8B2446F5-26B7-4E77-95F2-F49C6A55D858}.Release|x86.Deploy.0 = Release|Win32
	EndGlobalSection
	GlobalSection(SolutionProperties) = preSolution
		HideSolutionNode = FALSE
	EndGlobalSection
	GlobalSection(NestedProjects) = preSolution
		{B0F19019-4DCF-4387-AAC7-8991467D1F16} = {02EA681E-C7D8-13C7-8484-4AC65E1B71E8}
		{8B2446F5-26B7-4E77-95F2-F49C6A55D858} = {ACB43B40-07A7-4948-BAD2-6D8EDC713C28}
	EndGlobalSection
	GlobalSection(ExtensibilityGlobals) = postSolution
		SolutionGuid = {5F55601B-6889-431C-AFBE-6300A565C537}
	EndGlobalSection
EndGlobal
