
Microsoft Visual Studio Solution File, Format Version 12.00
# Visual Studio Version 17
VisualStudioVersion = 17.12.35527.113 d17.12
MinimumVisualStudioVersion = 10.0.40219.1
Project("{8BC9CEB8-8B4A-11D0-8D11-00A0C91BC942}") = "KernelMemoryIO", "KernelMemoryIO\KernelMemoryIO.vcxproj", "{B0F19019-4DCF-4387-AAC7-8991467D1F16}"
EndProject
Project("{FAE04EC0-301F-11D3-BF4B-00C04F79EFBC}") = "MemoryIOSample", "MemoryIOSample\MemoryIOSample.csproj", "{32B19B0E-8524-4CB6-A0BA-603137C6DCE2}"
EndProject
Global
	GlobalSection(SolutionConfigurationPlatforms) = preSolution
		Debug|x64 = Debug|x64
		Release|x64 = Release|x64
	EndGlobalSection
	GlobalSection(ProjectConfigurationPlatforms) = postSolution
		{B0F19019-4DCF-4387-AAC7-8991467D1F16}.Debug|x64.ActiveCfg = Debug|x64
		{B0F19019-4DCF-4387-AAC7-8991467D1F16}.Debug|x64.Build.0 = Debug|x64
		{B0F19019-4DCF-4387-AAC7-8991467D1F16}.Debug|x64.Deploy.0 = Debug|x64
		{B0F19019-4DCF-4387-AAC7-8991467D1F16}.Release|x64.ActiveCfg = Release|x64
		{B0F19019-4DCF-4387-AAC7-8991467D1F16}.Release|x64.Build.0 = Release|x64
		{B0F19019-4DCF-4387-AAC7-8991467D1F16}.Release|x64.Deploy.0 = Release|x64
		{32B19B0E-8524-4CB6-A0BA-603137C6DCE2}.Debug|x64.ActiveCfg = Debug|x64
		{32B19B0E-8524-4CB6-A0BA-603137C6DCE2}.Debug|x64.Build.0 = Debug|x64
		{32B19B0E-8524-4CB6-A0BA-603137C6DCE2}.Release|x64.ActiveCfg = Release|x64
		{32B19B0E-8524-4CB6-A0BA-603137C6DCE2}.Release|x64.Build.0 = Release|x64
	EndGlobalSection
	GlobalSection(SolutionProperties) = preSolution
		HideSolutionNode = FALSE
	EndGlobalSection
	GlobalSection(ExtensibilityGlobals) = postSolution
		SolutionGuid = {5F55601B-6889-431C-AFBE-6300A565C537}
	EndGlobalSection
EndGlobal
